absl-py==2.5.0
annotated-types==0.8.0
anthropic==1.4.0
anyio==4.15.1
attrs==26.1.0
cattrs==22.2.0
certifi==2026.7.22
charset-normalizer==3.5.1
click==8.5.0
cloudpickle==3.1.2
colorlog==6.12.0
crfm-helm @ https://github.com/stanford-crfm/helm/archive/bfa36d33e8b98b36b5f3a8c7d52b9a1b7162eae5.tar.gz
dacite==1.9.2
defusedxml==0.7.1
docstring-parser==0.18.0
filelock==3.32.5
h11==0.16.0
httpcore==1.0.9
httpcore2==2.12.0
httpx==0.28.1
httpx2==2.12.0
idna==3.19
immutabledict==4.3.1
jiter==0.16.0
joblib==1.6.0
langdetect==1.0.9
mako==1.4.1
markupsafe==3.0.3
nltk==3.10.3
numpy==2.5.3
pydantic==2.13.5
pydantic-core==2.46.5
pyhocon==0.3.63
pyparsing==3.3.2
python-dotenv==1.2.2
pyyaml==6.0.3
regex==2026.9.3
requests==2.34.2
retrying==1.4.2
six==1.17.0
sniffio==1.3.1
sqlitedict==2.1.0
tqdm==4.70.0
truststore==0.10.4
typing-extensions==4.16.0
typing-inspection==0.4.4
urllib3==2.7.0
zstandard==0.18.0
